
Microsoft Visual Studio Solution File, Format Version 12.00
# Visual Studio Version 16
VisualStudioVersion = 16.0.30717.126
MinimumVisualStudioVersion = 10.0.40219.1
Project("{FAE04EC0-301F-11D3-BF4B-00C04F79EFBC}") = "CursoCSharp", "CursoCSharp\CursoCSharp.csproj", "{5DF5CC60-C8BA-4DCB-94CE-3FBFC6F7228C}"
EndProject
Global
	GlobalSection(SolutionConfigurationPlatforms) = preSolution
		Debug|Any CPU = Debug|Any CPU
		Release|Any CPU = Release|Any CPU
	EndGlobalSection
	GlobalSection(ProjectConfigurationPlatforms) = postSolution
		{5DF5CC60-C8BA-4DCB-94CE-3FBFC6F7228C}.Debug|Any CPU.ActiveCfg = Debug|Any CPU
		{5DF5CC60-C8BA-4DCB-94CE-3FBFC6F7228C}.Debug|Any CPU.Build.0 = Debug|Any CPU
		{5DF5CC60-C8BA-4DCB-94CE-3FBFC6F7228C}.Release|Any CPU.ActiveCfg = Release|Any CPU
		{5DF5CC60-C8BA-4DCB-94CE-3FBFC6F7228C}.Release|Any CPU.Build.0 = Release|Any CPU
	EndGlobalSection
	GlobalSection(SolutionProperties) = preSolution
		HideSolutionNode = FALSE
	EndGlobalSection
	GlobalSection(ExtensibilityGlobals) = postSolution
		SolutionGuid = {5AAA1075-A8F0-40FC-9761-EC4B93210B69}
	EndGlobalSection
EndGlobal
